
Microsoft Visual Studio Solution File, Format Version 12.00
# Visual Studio Version 17
VisualStudioVersion = 17.2.32602.215
MinimumVisualStudioVersion = 10.0.40219.1
Project("{FAE04EC0-301F-11D3-BF4B-00C04F79EFBC}") = "WebPostgreSQL", "WebPostgreSQL\WebPostgreSQL.csproj", "{15361EFD-768D-4B19-A8B7-AACB86A41017}"
EndProject
Global
	GlobalSection(SolutionConfigurationPlatforms) = preSolution
		Debug|Any CPU = Debug|Any CPU
		Release|Any CPU = Release|Any CPU
	EndGlobalSection
	GlobalSection(ProjectConfigurationPlatforms) = postSolution
		{15361EFD-768D-4B19-A8B7-AACB86A41017}.Debug|Any CPU.ActiveCfg = Debug|Any CPU
		{15361EFD-768D-4B19-A8B7-AACB86A41017}.Debug|Any CPU.Build.0 = Debug|Any CPU
		{15361EFD-768D-4B19-A8B7-AACB86A41017}.Release|Any CPU.ActiveCfg = Release|Any CPU
		{15361EFD-768D-4B19-A8B7-AACB86A41017}.Release|Any CPU.Build.0 = Release|Any CPU
	EndGlobalSection
	GlobalSection(SolutionProperties) = preSolution
		HideSolutionNode = FALSE
	EndGlobalSection
	GlobalSection(ExtensibilityGlobals) = postSolution
		SolutionGuid = {30B38E1C-D8F2-4F32-B181-A83CB0124871}
	EndGlobalSection
EndGlobal
